
Microsoft Visual Studio Solution File, Format Version 12.00
# Visual Studio 15
VisualStudioVersion = 15.0.27703.2035
MinimumVisualStudioVersion = 10.0.40219.1
Project("{FAE04EC0-301F-11D3-BF4B-00C04F79EFBC}") = "SecondApplication", "SecondApplication\SecondApplication.csproj", "{C0AF58D0-E741-4454-A9DF-66AA03F2C5D1}"
EndProject
Global
	GlobalSection(SolutionConfigurationPlatforms) = preSolution
		Debug|Any CPU = Debug|Any CPU
		Release|Any CPU = Release|Any CPU
	EndGlobalSection
	GlobalSection(ProjectConfigurationPlatforms) = postSolution
		{C0AF58D0-E741-4454-A9DF-66AA03F2C5D1}.Debug|Any CPU.ActiveCfg = Debug|Any CPU
		{C0AF58D0-E741-4454-A9DF-66AA03F2C5D1}.Debug|Any CPU.Build.0 = Debug|Any CPU
		{C0AF58D0-E741-4454-A9DF-66AA03F2C5D1}.Release|Any CPU.ActiveCfg = Release|Any CPU
		{C0AF58D0-E741-4454-A9DF-66AA03F2C5D1}.Release|Any CPU.Build.0 = Release|Any CPU
	EndGlobalSection
	GlobalSection(SolutionProperties) = preSolution
		HideSolutionNode = FALSE
	EndGlobalSection
	GlobalSection(ExtensibilityGlobals) = postSolution
		SolutionGuid = {38CA1C4C-2842-441B-B6A5-D16E09CC8754}
	EndGlobalSection
EndGlobal
