
Microsoft Visual Studio Solution File, Format Version 12.00
# Visual Studio Version 16
VisualStudioVersion = 16.0.30907.101
MinimumVisualStudioVersion = 10.0.40219.1
Project("{FAE04EC0-301F-11D3-BF4B-00C04F79EFBC}") = "PropertyEg", "PropertyEg\PropertyEg.csproj", "{98693DD3-C22A-42FA-A500-3F14DEBDBF69}"
EndProject
Global
	GlobalSection(SolutionConfigurationPlatforms) = preSolution
		Debug|Any CPU = Debug|Any CPU
		Release|Any CPU = Release|Any CPU
	EndGlobalSection
	GlobalSection(ProjectConfigurationPlatforms) = postSolution
		{98693DD3-C22A-42FA-A500-3F14DEBDBF69}.Debug|Any CPU.ActiveCfg = Debug|Any CPU
		{98693DD3-C22A-42FA-A500-3F14DEBDBF69}.Debug|Any CPU.Build.0 = Debug|Any CPU
		{98693DD3-C22A-42FA-A500-3F14DEBDBF69}.Release|Any CPU.ActiveCfg = Release|Any CPU
		{98693DD3-C22A-42FA-A500-3F14DEBDBF69}.Release|Any CPU.Build.0 = Release|Any CPU
	EndGlobalSection
	GlobalSection(SolutionProperties) = preSolution
		HideSolutionNode = FALSE
	EndGlobalSection
	GlobalSection(ExtensibilityGlobals) = postSolution
		SolutionGuid = {15D8363F-5602-4824-A28F-FF4B2D88E9F1}
	EndGlobalSection
EndGlobal
