
Microsoft Visual Studio Solution File, Format Version 12.00
# Visual Studio 15
VisualStudioVersion = 15.0.27703.2035
MinimumVisualStudioVersion = 10.0.40219.1
Project("{FAE04EC0-301F-11D3-BF4B-00C04F79EFBC}") = "CollectionEg", "CollectionEg\CollectionEg.csproj", "{2E639493-88B4-44D6-82AF-C60313FCBAC2}"
EndProject
Project("{FAE04EC0-301F-11D3-BF4B-00C04F79EFBC}") = "Generics", "Generics\Generics.csproj", "{0305FFCB-C912-4CAA-B042-E0BC7D3B6DDC}"
EndProject
Global
	GlobalSection(SolutionConfigurationPlatforms) = preSolution
		Debug|Any CPU = Debug|Any CPU
		Release|Any CPU = Release|Any CPU
	EndGlobalSection
	GlobalSection(ProjectConfigurationPlatforms) = postSolution
		{2E639493-88B4-44D6-82AF-C60313FCBAC2}.Debug|Any CPU.ActiveCfg = Debug|Any CPU
		{2E639493-88B4-44D6-82AF-C60313FCBAC2}.Debug|Any CPU.Build.0 = Debug|Any CPU
		{2E639493-88B4-44D6-82AF-C60313FCBAC2}.Release|Any CPU.ActiveCfg = Release|Any CPU
		{2E639493-88B4-44D6-82AF-C60313FCBAC2}.Release|Any CPU.Build.0 = Release|Any CPU
		{0305FFCB-C912-4CAA-B042-E0BC7D3B6DDC}.Debug|Any CPU.ActiveCfg = Debug|Any CPU
		{0305FFCB-C912-4CAA-B042-E0BC7D3B6DDC}.Debug|Any CPU.Build.0 = Debug|Any CPU
		{0305FFCB-C912-4CAA-B042-E0BC7D3B6DDC}.Release|Any CPU.ActiveCfg = Release|Any CPU
		{0305FFCB-C912-4CAA-B042-E0BC7D3B6DDC}.Release|Any CPU.Build.0 = Release|Any CPU
	EndGlobalSection
	GlobalSection(SolutionProperties) = preSolution
		HideSolutionNode = FALSE
	EndGlobalSection
	GlobalSection(ExtensibilityGlobals) = postSolution
		SolutionGuid = {A84DBD12-3A64-4C36-85CE-228A0D0C90D4}
	EndGlobalSection
EndGlobal
