
Microsoft Visual Studio Solution File, Format Version 12.00
# Visual Studio Version 16
VisualStudioVersion = 16.0.30907.101
MinimumVisualStudioVersion = 10.0.40219.1
Project("{FAE04EC0-301F-11D3-BF4B-00C04F79EFBC}") = "StudentManagementSystem", "StudentManagementSystem\StudentManagementSystem.csproj", "{596805D5-2173-4BB0-8DBA-C9F95B411AA5}"
EndProject
Global
	GlobalSection(SolutionConfigurationPlatforms) = preSolution
		Debug|Any CPU = Debug|Any CPU
		Release|Any CPU = Release|Any CPU
	EndGlobalSection
	GlobalSection(ProjectConfigurationPlatforms) = postSolution
		{596805D5-2173-4BB0-8DBA-C9F95B411AA5}.Debug|Any CPU.ActiveCfg = Debug|Any CPU
		{596805D5-2173-4BB0-8DBA-C9F95B411AA5}.Debug|Any CPU.Build.0 = Debug|Any CPU
		{596805D5-2173-4BB0-8DBA-C9F95B411AA5}.Release|Any CPU.ActiveCfg = Release|Any CPU
		{596805D5-2173-4BB0-8DBA-C9F95B411AA5}.Release|Any CPU.Build.0 = Release|Any CPU
	EndGlobalSection
	GlobalSection(SolutionProperties) = preSolution
		HideSolutionNode = FALSE
	EndGlobalSection
	GlobalSection(ExtensibilityGlobals) = postSolution
		SolutionGuid = {BDCD6D15-6650-419B-92B7-96F978C40EE4}
	EndGlobalSection
EndGlobal
