
Microsoft Visual Studio Solution File, Format Version 12.00
# Visual Studio Version 16
VisualStudioVersion = 16.0.30907.101
MinimumVisualStudioVersion = 10.0.40219.1
Project("{FAE04EC0-301F-11D3-BF4B-00C04F79EFBC}") = "ArraysEg", "ArraysEg\ArraysEg.csproj", "{B8B99CDD-1255-4981-A076-753D99715F51}"
EndProject
Global
	GlobalSection(SolutionConfigurationPlatforms) = preSolution
		Debug|Any CPU = Debug|Any CPU
		Release|Any CPU = Release|Any CPU
	EndGlobalSection
	GlobalSection(ProjectConfigurationPlatforms) = postSolution
		{B8B99CDD-1255-4981-A076-753D99715F51}.Debug|Any CPU.ActiveCfg = Debug|Any CPU
		{B8B99CDD-1255-4981-A076-753D99715F51}.Debug|Any CPU.Build.0 = Debug|Any CPU
		{B8B99CDD-1255-4981-A076-753D99715F51}.Release|Any CPU.ActiveCfg = Release|Any CPU
		{B8B99CDD-1255-4981-A076-753D99715F51}.Release|Any CPU.Build.0 = Release|Any CPU
	EndGlobalSection
	GlobalSection(SolutionProperties) = preSolution
		HideSolutionNode = FALSE
	EndGlobalSection
	GlobalSection(ExtensibilityGlobals) = postSolution
		SolutionGuid = {A3762CE9-FDDE-465B-99D2-3E3A099B1A51}
	EndGlobalSection
EndGlobal
