
Microsoft Visual Studio Solution File, Format Version 12.00
# Visual Studio Version 16
VisualStudioVersion = 16.0.30907.101
MinimumVisualStudioVersion = 10.0.40219.1
Project("{FAE04EC0-301F-11D3-BF4B-00C04F79EFBC}") = "Day7ProjectCollectionsGenerics", "Day7ProjectCollectionsGenerics\Day7ProjectCollectionsGenerics.csproj", "{C7B2782F-52B7-4DB7-A3AF-536B1EFD5F20}"
EndProject
Global
	GlobalSection(SolutionConfigurationPlatforms) = preSolution
		Debug|Any CPU = Debug|Any CPU
		Release|Any CPU = Release|Any CPU
	EndGlobalSection
	GlobalSection(ProjectConfigurationPlatforms) = postSolution
		{C7B2782F-52B7-4DB7-A3AF-536B1EFD5F20}.Debug|Any CPU.ActiveCfg = Debug|Any CPU
		{C7B2782F-52B7-4DB7-A3AF-536B1EFD5F20}.Debug|Any CPU.Build.0 = Debug|Any CPU
		{C7B2782F-52B7-4DB7-A3AF-536B1EFD5F20}.Release|Any CPU.ActiveCfg = Release|Any CPU
		{C7B2782F-52B7-4DB7-A3AF-536B1EFD5F20}.Release|Any CPU.Build.0 = Release|Any CPU
	EndGlobalSection
	GlobalSection(SolutionProperties) = preSolution
		HideSolutionNode = FALSE
	EndGlobalSection
	GlobalSection(ExtensibilityGlobals) = postSolution
		SolutionGuid = {794830C9-D72A-4B99-8E21-1E99C189D5E9}
	EndGlobalSection
EndGlobal
